
Microsoft Visual Studio Solution File, Format Version 12.00
# Visual Studio Version 17
VisualStudioVersion = 17.13.35931.197 d17.13
MinimumVisualStudioVersion = 10.0.40219.1
Project("{FAE04EC0-301F-11D3-BF4B-00C04F79EFBC}") = "ApiMES", "ApiMES\ApiMES.csproj", "{B717D2C2-70E3-4C39-A571-6473BAB5A52F}"
EndProject
Global
	GlobalSection(SolutionConfigurationPlatforms) = preSolution
		Debug|Any CPU = Debug|Any CPU
		Release|Any CPU = Release|Any CPU
	EndGlobalSection
	GlobalSection(ProjectConfigurationPlatforms) = postSolution
		{B717D2C2-70E3-4C39-A571-6473BAB5A52F}.Debug|Any CPU.ActiveCfg = Debug|Any CPU
		{B717D2C2-70E3-4C39-A571-6473BAB5A52F}.Debug|Any CPU.Build.0 = Debug|Any CPU
		{B717D2C2-70E3-4C39-A571-6473BAB5A52F}.Release|Any CPU.ActiveCfg = Release|Any CPU
		{B717D2C2-70E3-4C39-A571-6473BAB5A52F}.Release|Any CPU.Build.0 = Release|Any CPU
	EndGlobalSection
	GlobalSection(SolutionProperties) = preSolution
		HideSolutionNode = FALSE
	EndGlobalSection
	GlobalSection(ExtensibilityGlobals) = postSolution
		SolutionGuid = {09E86F69-0943-4264-AEC8-0D57325DA727}
	EndGlobalSection
EndGlobal
